
Microsoft Visual Studio Solution File, Format Version 12.00
# Visual Studio 15
VisualStudioVersion = 15.0.27004.2002
MinimumVisualStudioVersion = 10.0.40219.1
Project("{FAE04EC0-301F-11D3-BF4B-00C04F79EFBC}") = "ComicOrders.WPF", "ComicOrderForm\ComicOrders.WPF.csproj", "{583301E2-6D9F-48B1-A1DE-A7A3701CE436}"
EndProject
Project("{FAE04EC0-301F-11D3-BF4B-00C04F79EFBC}") = "ComicOrders.DB", "ComicOrderForm.DB\ComicOrders.DB.csproj", "{41952AC3-1946-4491-B64F-37CE2E658367}"
EndProject
Project("{FAE04EC0-301F-11D3-BF4B-00C04F79EFBC}") = "ComicOrders.Lib", "ComicOrders.Lib\ComicOrders.Lib.csproj", "{3A8E20A8-DC71-428F-A9A0-D725BEA7988A}"
EndProject
Global
	GlobalSection(SolutionConfigurationPlatforms) = preSolution
		Debug|Any CPU = Debug|Any CPU
		Release|Any CPU = Release|Any CPU
	EndGlobalSection
	GlobalSection(ProjectConfigurationPlatforms) = postSolution
		{583301E2-6D9F-48B1-A1DE-A7A3701CE436}.Debug|Any CPU.ActiveCfg = Debug|Any CPU
		{583301E2-6D9F-48B1-A1DE-A7A3701CE436}.Debug|Any CPU.Build.0 = Debug|Any CPU
		{583301E2-6D9F-48B1-A1DE-A7A3701CE436}.Release|Any CPU.ActiveCfg = Release|Any CPU
		{583301E2-6D9F-48B1-A1DE-A7A3701CE436}.Release|Any CPU.Build.0 = Release|Any CPU
		{41952AC3-1946-4491-B64F-37CE2E658367}.Debug|Any CPU.ActiveCfg = Debug|Any CPU
		{41952AC3-1946-4491-B64F-37CE2E658367}.Debug|Any CPU.Build.0 = Debug|Any CPU
		{41952AC3-1946-4491-B64F-37CE2E658367}.Release|Any CPU.ActiveCfg = Release|Any CPU
		{41952AC3-1946-4491-B64F-37CE2E658367}.Release|Any CPU.Build.0 = Release|Any CPU
		{3A8E20A8-DC71-428F-A9A0-D725BEA7988A}.Debug|Any CPU.ActiveCfg = Debug|Any CPU
		{3A8E20A8-DC71-428F-A9A0-D725BEA7988A}.Debug|Any CPU.Build.0 = Debug|Any CPU
		{3A8E20A8-DC71-428F-A9A0-D725BEA7988A}.Release|Any CPU.ActiveCfg = Release|Any CPU
		{3A8E20A8-DC71-428F-A9A0-D725BEA7988A}.Release|Any CPU.Build.0 = Release|Any CPU
	EndGlobalSection
	GlobalSection(SolutionProperties) = preSolution
		HideSolutionNode = FALSE
	EndGlobalSection
	GlobalSection(ExtensibilityGlobals) = postSolution
		SolutionGuid = {576EC37E-19C2-4814-8FAF-D7D496C94DC8}
	EndGlobalSection
EndGlobal
